
Microsoft Visual Studio Solution File, Format Version 12.00
# Visual Studio 15
VisualStudioVersion = 15.0.27004.2009
MinimumVisualStudioVersion = 10.0.40219.1
Project("{FAE04EC0-301F-11D3-BF4B-00C04F79EFBC}") = "diamond in nested loop", "diamond in nested loop\diamond in nested loop.csproj", "{60844020-7202-45EA-989C-870E71E053CB}"
EndProject
Global
	GlobalSection(SolutionConfigurationPlatforms) = preSolution
		Debug|Any CPU = Debug|Any CPU
		Release|Any CPU = Release|Any CPU
	EndGlobalSection
	GlobalSection(ProjectConfigurationPlatforms) = postSolution
		{60844020-7202-45EA-989C-870E71E053CB}.Debug|Any CPU.ActiveCfg = Debug|Any CPU
		{60844020-7202-45EA-989C-870E71E053CB}.Debug|Any CPU.Build.0 = Debug|Any CPU
		{60844020-7202-45EA-989C-870E71E053CB}.Release|Any CPU.ActiveCfg = Release|Any CPU
		{60844020-7202-45EA-989C-870E71E053CB}.Release|Any CPU.Build.0 = Release|Any CPU
	EndGlobalSection
	GlobalSection(SolutionProperties) = preSolution
		HideSolutionNode = FALSE
	EndGlobalSection
	GlobalSection(ExtensibilityGlobals) = postSolution
		SolutionGuid = {3A6EB7D3-8C99-4A30-8FD6-EA0980082741}
	EndGlobalSection
EndGlobal
